
Microsoft Visual Studio Solution File, Format Version 12.00
# Visual Studio Version 17
VisualStudioVersion = 17.2.32526.322
MinimumVisualStudioVersion = 10.0.40219.1
Project("{FAE04EC0-301F-11D3-BF4B-00C04F79EFBC}") = "ITZNOTEPAD", "ITZNOTEPAD\ITZNOTEPAD.csproj", "{10968076-A117-44D3-B8C1-2F486DAB5CD1}"
EndProject
Global
	GlobalSection(SolutionConfigurationPlatforms) = preSolution
		Debug|Any CPU = Debug|Any CPU
		Release|Any CPU = Release|Any CPU
	EndGlobalSection
	GlobalSection(ProjectConfigurationPlatforms) = postSolution
		{10968076-A117-44D3-B8C1-2F486DAB5CD1}.Debug|Any CPU.ActiveCfg = Debug|Any CPU
		{10968076-A117-44D3-B8C1-2F486DAB5CD1}.Debug|Any CPU.Build.0 = Debug|Any CPU
		{10968076-A117-44D3-B8C1-2F486DAB5CD1}.Release|Any CPU.ActiveCfg = Release|Any CPU
		{10968076-A117-44D3-B8C1-2F486DAB5CD1}.Release|Any CPU.Build.0 = Release|Any CPU
	EndGlobalSection
	GlobalSection(SolutionProperties) = preSolution
		HideSolutionNode = FALSE
	EndGlobalSection
	GlobalSection(ExtensibilityGlobals) = postSolution
		SolutionGuid = {C9A6301C-7B7D-4A84-923E-04B0DA091E43}
	EndGlobalSection
EndGlobal
